
Microsoft Visual Studio Solution File, Format Version 12.00
# Visual Studio Version 17
VisualStudioVersion = 17.0.32126.317
MinimumVisualStudioVersion = 10.0.40219.1
Project("{9A19103F-16F7-4668-BE54-9A1E7A4F7556}") = "SendPost", "SendPost\SendPost.csproj", "{BDA53F1A-3842-44BB-8D60-0CAD36E7F46B}"
EndProject
Project("{9A19103F-16F7-4668-BE54-9A1E7A4F7556}") = "SendGet", "SendGet\SendGet.csproj", "{F524CA93-D826-4340-8471-AB2B7BF01326}"
EndProject
Project("{9A19103F-16F7-4668-BE54-9A1E7A4F7556}") = "SendHMACTest", "SendHMACTest\SendHMACTest.csproj", "{65E6EEC2-B2DC-4D8E-A0FB-736062563C06}"
EndProject
Global
	GlobalSection(SolutionConfigurationPlatforms) = preSolution
		Debug|Any CPU = Debug|Any CPU
		Release|Any CPU = Release|Any CPU
	EndGlobalSection
	GlobalSection(ProjectConfigurationPlatforms) = postSolution
		{BDA53F1A-3842-44BB-8D60-0CAD36E7F46B}.Debug|Any CPU.ActiveCfg = Debug|Any CPU
		{BDA53F1A-3842-44BB-8D60-0CAD36E7F46B}.Debug|Any CPU.Build.0 = Debug|Any CPU
		{BDA53F1A-3842-44BB-8D60-0CAD36E7F46B}.Release|Any CPU.ActiveCfg = Release|Any CPU
		{BDA53F1A-3842-44BB-8D60-0CAD36E7F46B}.Release|Any CPU.Build.0 = Release|Any CPU
		{F524CA93-D826-4340-8471-AB2B7BF01326}.Debug|Any CPU.ActiveCfg = Debug|Any CPU
		{F524CA93-D826-4340-8471-AB2B7BF01326}.Debug|Any CPU.Build.0 = Debug|Any CPU
		{F524CA93-D826-4340-8471-AB2B7BF01326}.Release|Any CPU.ActiveCfg = Release|Any CPU
		{F524CA93-D826-4340-8471-AB2B7BF01326}.Release|Any CPU.Build.0 = Release|Any CPU
		{65E6EEC2-B2DC-4D8E-A0FB-736062563C06}.Debug|Any CPU.ActiveCfg = Debug|Any CPU
		{65E6EEC2-B2DC-4D8E-A0FB-736062563C06}.Debug|Any CPU.Build.0 = Debug|Any CPU
		{65E6EEC2-B2DC-4D8E-A0FB-736062563C06}.Release|Any CPU.ActiveCfg = Release|Any CPU
		{65E6EEC2-B2DC-4D8E-A0FB-736062563C06}.Release|Any CPU.Build.0 = Release|Any CPU
	EndGlobalSection
	GlobalSection(SolutionProperties) = preSolution
		HideSolutionNode = FALSE
	EndGlobalSection
	GlobalSection(ExtensibilityGlobals) = postSolution
		SolutionGuid = {490213F6-EC6C-4CA2-BFF2-DD8269BA6612}
	EndGlobalSection
EndGlobal
